
Microsoft Visual Studio Solution File, Format Version 12.00
# Visual Studio Version 17
VisualStudioVersion = 17.5.33516.290
MinimumVisualStudioVersion = 10.0.40219.1
Project("{FAE04EC0-301F-11D3-BF4B-00C04F79EFBC}") = "database_first_mvc_aspnet_app", "database_first_mvc_aspnet_app.csproj", "{77DF4618-56C2-46C2-B159-734AEA132CEC}"
EndProject
Global
	GlobalSection(SolutionConfigurationPlatforms) = preSolution
		Debug|Any CPU = Debug|Any CPU
		Release|Any CPU = Release|Any CPU
	EndGlobalSection
	GlobalSection(ProjectConfigurationPlatforms) = postSolution
		{77DF4618-56C2-46C2-B159-734AEA132CEC}.Debug|Any CPU.ActiveCfg = Debug|Any CPU
		{77DF4618-56C2-46C2-B159-734AEA132CEC}.Debug|Any CPU.Build.0 = Debug|Any CPU
		{77DF4618-56C2-46C2-B159-734AEA132CEC}.Release|Any CPU.ActiveCfg = Release|Any CPU
		{77DF4618-56C2-46C2-B159-734AEA132CEC}.Release|Any CPU.Build.0 = Release|Any CPU
	EndGlobalSection
	GlobalSection(SolutionProperties) = preSolution
		HideSolutionNode = FALSE
	EndGlobalSection
	GlobalSection(ExtensibilityGlobals) = postSolution
		SolutionGuid = {767B1263-F46B-421A-8AC5-4692FB148C99}
	EndGlobalSection
EndGlobal
